
Microsoft Visual Studio Solution File, Format Version 12.00
# Visual Studio 11
Project("{8BC9CEB8-8B4A-11D0-8D11-00A0C91BC942}") = "driver", "driver.vcxproj", "{876C75FB-DB73-46F3-9ED0-92D9FA45FCA4}"
EndProject
Global
	GlobalSection(SolutionConfigurationPlatforms) = preSolution
		Debug|Win32 = Debug|Win32
		Release|Win32 = Release|Win32
	EndGlobalSection
	GlobalSection(ProjectConfigurationPlatforms) = postSolution
		{876C75FB-DB73-46F3-9ED0-92D9FA45FCA4}.Debug|Win32.ActiveCfg = Debug|Win32
		{876C75FB-DB73-46F3-9ED0-92D9FA45FCA4}.Debug|Win32.Build.0 = Debug|Win32
		{876C75FB-DB73-46F3-9ED0-92D9FA45FCA4}.Release|Win32.ActiveCfg = Release|Win32
		{876C75FB-DB73-46F3-9ED0-92D9FA45FCA4}.Release|Win32.Build.0 = Release|Win32
	EndGlobalSection
	GlobalSection(SolutionProperties) = preSolution
		HideSolutionNode = FALSE
	EndGlobalSection
EndGlobal
